
Microsoft Visual Studio Solution File, Format Version 12.00
# Visual Studio Version 17
VisualStudioVersion = 17.2.32616.157
MinimumVisualStudioVersion = 10.0.40219.1
Project("{8BC9CEB8-8B4A-11D0-8D11-00A0C91BC942}") = "StarDust.Shared", "StarDust.Shared\StarDust.Shared.vcxproj", "{92209819-7C3E-4314-A0D3-2A06D6A80D5C}"
EndProject
Project("{8BC9CEB8-8B4A-11D0-8D11-00A0C91BC942}") = "StarDust.Emitter", "StarDust.Emitter\StarDustEmitter.vcxproj", "{8009916E-C049-4BBF-8889-9CF1DBB60109}"
	ProjectSection(ProjectDependencies) = postProject
		{92209819-7C3E-4314-A0D3-2A06D6A80D5C} = {92209819-7C3E-4314-A0D3-2A06D6A80D5C}
	EndProjectSection
EndProject
Project("{8BC9CEB8-8B4A-11D0-8D11-00A0C91BC942}") = "StarDust.Interpreter", "StarDust.Interpreter\StarDust.Interpreter.vcxproj", "{04527ECA-D867-4FD5-B843-4EF5F24D6923}"
EndProject
Project("{8BC9CEB8-8B4A-11D0-8D11-00A0C91BC942}") = "StarDust.NativeTest", "StarDust.NativeTest\StarDust.NativeTest.vcxproj", "{4F466E0F-6081-4042-9D54-40247D40C283}"
	ProjectSection(ProjectDependencies) = postProject
		{04527ECA-D867-4FD5-B843-4EF5F24D6923} = {04527ECA-D867-4FD5-B843-4EF5F24D6923}
		{8009916E-C049-4BBF-8889-9CF1DBB60109} = {8009916E-C049-4BBF-8889-9CF1DBB60109}
		{92209819-7C3E-4314-A0D3-2A06D6A80D5C} = {92209819-7C3E-4314-A0D3-2A06D6A80D5C}
	EndProjectSection
EndProject
Project("{2150E333-8FDC-42A3-9474-1A3956D46DE8}") = "Tests", "Tests", "{119545D3-5424-44EC-BAD3-7847D4610EF8}"
EndProject
Project("{8BC9CEB8-8B4A-11D0-8D11-00A0C91BC942}") = "StarDust.EmitterW", "StarDust.EmitterW\StarDust.EmitterW.vcxproj", "{C61BFEF5-F508-496B-A933-E3FB6E8EBC0E}"
	ProjectSection(ProjectDependencies) = postProject
		{8009916E-C049-4BBF-8889-9CF1DBB60109} = {8009916E-C049-4BBF-8889-9CF1DBB60109}
		{92209819-7C3E-4314-A0D3-2A06D6A80D5C} = {92209819-7C3E-4314-A0D3-2A06D6A80D5C}
	EndProjectSection
EndProject
Project("{2150E333-8FDC-42A3-9474-1A3956D46DE8}") = "Native", "Native", "{A8331A89-4CF8-4832-88A7-EFAED95F845E}"
EndProject
Project("{2150E333-8FDC-42A3-9474-1A3956D46DE8}") = "Managed", "Managed", "{B2386B6E-8830-4B7D-807B-0B3F2D2BD61C}"
EndProject
Project("{9A19103F-16F7-4668-BE54-9A1E7A4F7556}") = "StarDust", "StarDust\StarDust.csproj", "{E69BE54B-2562-4579-8F0F-50D5A5FB5833}"
	ProjectSection(ProjectDependencies) = postProject
		{5475B1CD-2950-4FC0-95AD-4410328FEA06} = {5475B1CD-2950-4FC0-95AD-4410328FEA06}
		{C61BFEF5-F508-496B-A933-E3FB6E8EBC0E} = {C61BFEF5-F508-496B-A933-E3FB6E8EBC0E}
		{FD6B0CD4-CC72-43E3-B900-44F686E49894} = {FD6B0CD4-CC72-43E3-B900-44F686E49894}
	EndProjectSection
EndProject
Project("{8BC9CEB8-8B4A-11D0-8D11-00A0C91BC942}") = "StarDust.InterpreterW", "StarDust.InterpreterW\StarDust.InterpreterW.vcxproj", "{5475B1CD-2950-4FC0-95AD-4410328FEA06}"
	ProjectSection(ProjectDependencies) = postProject
		{04527ECA-D867-4FD5-B843-4EF5F24D6923} = {04527ECA-D867-4FD5-B843-4EF5F24D6923}
	EndProjectSection
EndProject
Project("{2150E333-8FDC-42A3-9474-1A3956D46DE8}") = "Bridge", "Bridge", "{079AE778-C262-437F-B842-1814DECD6DB4}"
EndProject
Project("{8BC9CEB8-8B4A-11D0-8D11-00A0C91BC942}") = "StarDust.SharedW", "StarDust.SharedW\StarDust.SharedW.vcxproj", "{FD6B0CD4-CC72-43E3-B900-44F686E49894}"
EndProject
Project("{9A19103F-16F7-4668-BE54-9A1E7A4F7556}") = "StarDust.Generators", "StarDust.Generators\StarDust.Generators.csproj", "{1FD32014-822D-46C0-9B62-9432BA3AD8FD}"
EndProject
Project("{9A19103F-16F7-4668-BE54-9A1E7A4F7556}") = "StarDust.Compiler", "StarDust.Compiler\StarDust.Compiler.csproj", "{96EDD2BE-B13C-4E22-882E-4974AE78781C}"
EndProject
Project("{2150E333-8FDC-42A3-9474-1A3956D46DE8}") = "Dependencies", "Dependencies", "{9BB32354-9D8B-4011-8D08-157457CF3109}"
EndProject
Project("{FAE04EC0-301F-11D3-BF4B-00C04F79EFBC}") = "StarDust.Tests", "StarDust.Tests\StarDust.Tests.csproj", "{82EB2191-A915-4C7A-B16E-FEF4A73BFA08}"
EndProject
Global
	GlobalSection(SolutionConfigurationPlatforms) = preSolution
		Debug|Any CPU = Debug|Any CPU
		Debug|x64 = Debug|x64
		Debug|x86 = Debug|x86
		Release|Any CPU = Release|Any CPU
		Release|x64 = Release|x64
		Release|x86 = Release|x86
	EndGlobalSection
	GlobalSection(ProjectConfigurationPlatforms) = postSolution
		{92209819-7C3E-4314-A0D3-2A06D6A80D5C}.Debug|Any CPU.ActiveCfg = Debug|x64
		{92209819-7C3E-4314-A0D3-2A06D6A80D5C}.Debug|x64.ActiveCfg = Debug|x64
		{92209819-7C3E-4314-A0D3-2A06D6A80D5C}.Debug|x64.Build.0 = Debug|x64
		{92209819-7C3E-4314-A0D3-2A06D6A80D5C}.Debug|x86.ActiveCfg = Debug|Win32
		{92209819-7C3E-4314-A0D3-2A06D6A80D5C}.Debug|x86.Build.0 = Debug|Win32
		{92209819-7C3E-4314-A0D3-2A06D6A80D5C}.Release|Any CPU.ActiveCfg = Release|x64
		{92209819-7C3E-4314-A0D3-2A06D6A80D5C}.Release|x64.ActiveCfg = Release|x64
		{92209819-7C3E-4314-A0D3-2A06D6A80D5C}.Release|x64.Build.0 = Release|x64
		{92209819-7C3E-4314-A0D3-2A06D6A80D5C}.Release|x86.ActiveCfg = Release|Win32
		{92209819-7C3E-4314-A0D3-2A06D6A80D5C}.Release|x86.Build.0 = Release|Win32
		{8009916E-C049-4BBF-8889-9CF1DBB60109}.Debug|Any CPU.ActiveCfg = Debug|x64
		{8009916E-C049-4BBF-8889-9CF1DBB60109}.Debug|x64.ActiveCfg = Debug|x64
		{8009916E-C049-4BBF-8889-9CF1DBB60109}.Debug|x64.Build.0 = Debug|x64
		{8009916E-C049-4BBF-8889-9CF1DBB60109}.Debug|x86.ActiveCfg = Debug|Win32
		{8009916E-C049-4BBF-8889-9CF1DBB60109}.Debug|x86.Build.0 = Debug|Win32
		{8009916E-C049-4BBF-8889-9CF1DBB60109}.Release|Any CPU.ActiveCfg = Release|x64
		{8009916E-C049-4BBF-8889-9CF1DBB60109}.Release|x64.ActiveCfg = Release|x64
		{8009916E-C049-4BBF-8889-9CF1DBB60109}.Release|x64.Build.0 = Release|x64
		{8009916E-C049-4BBF-8889-9CF1DBB60109}.Release|x86.ActiveCfg = Release|Win32
		{8009916E-C049-4BBF-8889-9CF1DBB60109}.Release|x86.Build.0 = Release|Win32
		{04527ECA-D867-4FD5-B843-4EF5F24D6923}.Debug|Any CPU.ActiveCfg = Debug|x64
		{04527ECA-D867-4FD5-B843-4EF5F24D6923}.Debug|x64.ActiveCfg = Debug|x64
		{04527ECA-D867-4FD5-B843-4EF5F24D6923}.Debug|x64.Build.0 = Debug|x64
		{04527ECA-D867-4FD5-B843-4EF5F24D6923}.Debug|x86.ActiveCfg = Debug|Win32
		{04527ECA-D867-4FD5-B843-4EF5F24D6923}.Debug|x86.Build.0 = Debug|Win32
		{04527ECA-D867-4FD5-B843-4EF5F24D6923}.Release|Any CPU.ActiveCfg = Release|x64
		{04527ECA-D867-4FD5-B843-4EF5F24D6923}.Release|x64.ActiveCfg = Release|x64
		{04527ECA-D867-4FD5-B843-4EF5F24D6923}.Release|x64.Build.0 = Release|x64
		{04527ECA-D867-4FD5-B843-4EF5F24D6923}.Release|x86.ActiveCfg = Release|Win32
		{04527ECA-D867-4FD5-B843-4EF5F24D6923}.Release|x86.Build.0 = Release|Win32
		{4F466E0F-6081-4042-9D54-40247D40C283}.Debug|Any CPU.ActiveCfg = Debug|x64
		{4F466E0F-6081-4042-9D54-40247D40C283}.Debug|x64.ActiveCfg = Debug|x64
		{4F466E0F-6081-4042-9D54-40247D40C283}.Debug|x64.Build.0 = Debug|x64
		{4F466E0F-6081-4042-9D54-40247D40C283}.Debug|x86.ActiveCfg = Debug|Win32
		{4F466E0F-6081-4042-9D54-40247D40C283}.Debug|x86.Build.0 = Debug|Win32
		{4F466E0F-6081-4042-9D54-40247D40C283}.Release|Any CPU.ActiveCfg = Release|x64
		{4F466E0F-6081-4042-9D54-40247D40C283}.Release|x64.ActiveCfg = Release|x64
		{4F466E0F-6081-4042-9D54-40247D40C283}.Release|x64.Build.0 = Release|x64
		{4F466E0F-6081-4042-9D54-40247D40C283}.Release|x86.ActiveCfg = Release|Win32
		{4F466E0F-6081-4042-9D54-40247D40C283}.Release|x86.Build.0 = Release|Win32
		{C61BFEF5-F508-496B-A933-E3FB6E8EBC0E}.Debug|Any CPU.ActiveCfg = Debug|x64
		{C61BFEF5-F508-496B-A933-E3FB6E8EBC0E}.Debug|x64.ActiveCfg = Debug|x64
		{C61BFEF5-F508-496B-A933-E3FB6E8EBC0E}.Debug|x64.Build.0 = Debug|x64
		{C61BFEF5-F508-496B-A933-E3FB6E8EBC0E}.Debug|x86.ActiveCfg = Debug|Win32
		{C61BFEF5-F508-496B-A933-E3FB6E8EBC0E}.Debug|x86.Build.0 = Debug|Win32
		{C61BFEF5-F508-496B-A933-E3FB6E8EBC0E}.Release|Any CPU.ActiveCfg = Release|x64
		{C61BFEF5-F508-496B-A933-E3FB6E8EBC0E}.Release|x64.ActiveCfg = Release|x64
		{C61BFEF5-F508-496B-A933-E3FB6E8EBC0E}.Release|x64.Build.0 = Release|x64
		{C61BFEF5-F508-496B-A933-E3FB6E8EBC0E}.Release|x86.ActiveCfg = Release|Win32
		{C61BFEF5-F508-496B-A933-E3FB6E8EBC0E}.Release|x86.Build.0 = Release|Win32
		{E69BE54B-2562-4579-8F0F-50D5A5FB5833}.Debug|Any CPU.ActiveCfg = Debug|Any CPU
		{E69BE54B-2562-4579-8F0F-50D5A5FB5833}.Debug|Any CPU.Build.0 = Debug|Any CPU
		{E69BE54B-2562-4579-8F0F-50D5A5FB5833}.Debug|x64.ActiveCfg = Debug|x64
		{E69BE54B-2562-4579-8F0F-50D5A5FB5833}.Debug|x64.Build.0 = Debug|x64
		{E69BE54B-2562-4579-8F0F-50D5A5FB5833}.Debug|x86.ActiveCfg = Debug|x86
		{E69BE54B-2562-4579-8F0F-50D5A5FB5833}.Debug|x86.Build.0 = Debug|x86
		{E69BE54B-2562-4579-8F0F-50D5A5FB5833}.Release|Any CPU.ActiveCfg = Release|Any CPU
		{E69BE54B-2562-4579-8F0F-50D5A5FB5833}.Release|Any CPU.Build.0 = Release|Any CPU
		{E69BE54B-2562-4579-8F0F-50D5A5FB5833}.Release|x64.ActiveCfg = Release|Any CPU
		{E69BE54B-2562-4579-8F0F-50D5A5FB5833}.Release|x64.Build.0 = Release|Any CPU
		{E69BE54B-2562-4579-8F0F-50D5A5FB5833}.Release|x86.ActiveCfg = Release|Any CPU
		{E69BE54B-2562-4579-8F0F-50D5A5FB5833}.Release|x86.Build.0 = Release|Any CPU
		{5475B1CD-2950-4FC0-95AD-4410328FEA06}.Debug|Any CPU.ActiveCfg = Debug|x64
		{5475B1CD-2950-4FC0-95AD-4410328FEA06}.Debug|x64.ActiveCfg = Debug|x64
		{5475B1CD-2950-4FC0-95AD-4410328FEA06}.Debug|x64.Build.0 = Debug|x64
		{5475B1CD-2950-4FC0-95AD-4410328FEA06}.Debug|x86.ActiveCfg = Debug|Win32
		{5475B1CD-2950-4FC0-95AD-4410328FEA06}.Debug|x86.Build.0 = Debug|Win32
		{5475B1CD-2950-4FC0-95AD-4410328FEA06}.Release|Any CPU.ActiveCfg = Release|x64
		{5475B1CD-2950-4FC0-95AD-4410328FEA06}.Release|x64.ActiveCfg = Release|x64
		{5475B1CD-2950-4FC0-95AD-4410328FEA06}.Release|x64.Build.0 = Release|x64
		{5475B1CD-2950-4FC0-95AD-4410328FEA06}.Release|x86.ActiveCfg = Release|Win32
		{5475B1CD-2950-4FC0-95AD-4410328FEA06}.Release|x86.Build.0 = Release|Win32
		{FD6B0CD4-CC72-43E3-B900-44F686E49894}.Debug|Any CPU.ActiveCfg = Debug|x64
		{FD6B0CD4-CC72-43E3-B900-44F686E49894}.Debug|x64.ActiveCfg = Debug|x64
		{FD6B0CD4-CC72-43E3-B900-44F686E49894}.Debug|x64.Build.0 = Debug|x64
		{FD6B0CD4-CC72-43E3-B900-44F686E49894}.Debug|x86.ActiveCfg = Debug|Win32
		{FD6B0CD4-CC72-43E3-B900-44F686E49894}.Debug|x86.Build.0 = Debug|Win32
		{FD6B0CD4-CC72-43E3-B900-44F686E49894}.Release|Any CPU.ActiveCfg = Release|x64
		{FD6B0CD4-CC72-43E3-B900-44F686E49894}.Release|x64.ActiveCfg = Release|x64
		{FD6B0CD4-CC72-43E3-B900-44F686E49894}.Release|x64.Build.0 = Release|x64
		{FD6B0CD4-CC72-43E3-B900-44F686E49894}.Release|x86.ActiveCfg = Release|Win32
		{FD6B0CD4-CC72-43E3-B900-44F686E49894}.Release|x86.Build.0 = Release|Win32
		{1FD32014-822D-46C0-9B62-9432BA3AD8FD}.Debug|Any CPU.ActiveCfg = Debug|Any CPU
		{1FD32014-822D-46C0-9B62-9432BA3AD8FD}.Debug|Any CPU.Build.0 = Debug|Any CPU
		{1FD32014-822D-46C0-9B62-9432BA3AD8FD}.Debug|x64.ActiveCfg = Debug|x64
		{1FD32014-822D-46C0-9B62-9432BA3AD8FD}.Debug|x64.Build.0 = Debug|x64
		{1FD32014-822D-46C0-9B62-9432BA3AD8FD}.Debug|x86.ActiveCfg = Debug|x86
		{1FD32014-822D-46C0-9B62-9432BA3AD8FD}.Debug|x86.Build.0 = Debug|x86
		{1FD32014-822D-46C0-9B62-9432BA3AD8FD}.Release|Any CPU.ActiveCfg = Release|Any CPU
		{1FD32014-822D-46C0-9B62-9432BA3AD8FD}.Release|Any CPU.Build.0 = Release|Any CPU
		{1FD32014-822D-46C0-9B62-9432BA3AD8FD}.Release|x64.ActiveCfg = Release|Any CPU
		{1FD32014-822D-46C0-9B62-9432BA3AD8FD}.Release|x64.Build.0 = Release|Any CPU
		{1FD32014-822D-46C0-9B62-9432BA3AD8FD}.Release|x86.ActiveCfg = Release|Any CPU
		{1FD32014-822D-46C0-9B62-9432BA3AD8FD}.Release|x86.Build.0 = Release|Any CPU
		{96EDD2BE-B13C-4E22-882E-4974AE78781C}.Debug|Any CPU.ActiveCfg = Debug|x64
		{96EDD2BE-B13C-4E22-882E-4974AE78781C}.Debug|x64.ActiveCfg = Debug|x64
		{96EDD2BE-B13C-4E22-882E-4974AE78781C}.Debug|x64.Build.0 = Debug|x64
		{96EDD2BE-B13C-4E22-882E-4974AE78781C}.Debug|x86.ActiveCfg = Debug|x86
		{96EDD2BE-B13C-4E22-882E-4974AE78781C}.Debug|x86.Build.0 = Debug|x86
		{96EDD2BE-B13C-4E22-882E-4974AE78781C}.Release|Any CPU.ActiveCfg = Release|Any CPU
		{96EDD2BE-B13C-4E22-882E-4974AE78781C}.Release|x64.ActiveCfg = Release|Any CPU
		{96EDD2BE-B13C-4E22-882E-4974AE78781C}.Release|x64.Build.0 = Release|Any CPU
		{96EDD2BE-B13C-4E22-882E-4974AE78781C}.Release|x86.ActiveCfg = Release|Any CPU
		{96EDD2BE-B13C-4E22-882E-4974AE78781C}.Release|x86.Build.0 = Release|Any CPU
		{82EB2191-A915-4C7A-B16E-FEF4A73BFA08}.Debug|Any CPU.ActiveCfg = Debug|Any CPU
		{82EB2191-A915-4C7A-B16E-FEF4A73BFA08}.Debug|Any CPU.Build.0 = Debug|Any CPU
		{82EB2191-A915-4C7A-B16E-FEF4A73BFA08}.Debug|x64.ActiveCfg = Debug|Any CPU
		{82EB2191-A915-4C7A-B16E-FEF4A73BFA08}.Debug|x64.Build.0 = Debug|Any CPU
		{82EB2191-A915-4C7A-B16E-FEF4A73BFA08}.Debug|x86.ActiveCfg = Debug|Any CPU
		{82EB2191-A915-4C7A-B16E-FEF4A73BFA08}.Debug|x86.Build.0 = Debug|Any CPU
		{82EB2191-A915-4C7A-B16E-FEF4A73BFA08}.Release|Any CPU.ActiveCfg = Release|Any CPU
		{82EB2191-A915-4C7A-B16E-FEF4A73BFA08}.Release|Any CPU.Build.0 = Release|Any CPU
		{82EB2191-A915-4C7A-B16E-FEF4A73BFA08}.Release|x64.ActiveCfg = Release|Any CPU
		{82EB2191-A915-4C7A-B16E-FEF4A73BFA08}.Release|x64.Build.0 = Release|Any CPU
		{82EB2191-A915-4C7A-B16E-FEF4A73BFA08}.Release|x86.ActiveCfg = Release|Any CPU
		{82EB2191-A915-4C7A-B16E-FEF4A73BFA08}.Release|x86.Build.0 = Release|Any CPU
	EndGlobalSection
	GlobalSection(SolutionProperties) = preSolution
		HideSolutionNode = FALSE
	EndGlobalSection
	GlobalSection(NestedProjects) = preSolution
		{92209819-7C3E-4314-A0D3-2A06D6A80D5C} = {A8331A89-4CF8-4832-88A7-EFAED95F845E}
		{8009916E-C049-4BBF-8889-9CF1DBB60109} = {A8331A89-4CF8-4832-88A7-EFAED95F845E}
		{04527ECA-D867-4FD5-B843-4EF5F24D6923} = {A8331A89-4CF8-4832-88A7-EFAED95F845E}
		{4F466E0F-6081-4042-9D54-40247D40C283} = {119545D3-5424-44EC-BAD3-7847D4610EF8}
		{119545D3-5424-44EC-BAD3-7847D4610EF8} = {A8331A89-4CF8-4832-88A7-EFAED95F845E}
		{C61BFEF5-F508-496B-A933-E3FB6E8EBC0E} = {079AE778-C262-437F-B842-1814DECD6DB4}
		{E69BE54B-2562-4579-8F0F-50D5A5FB5833} = {B2386B6E-8830-4B7D-807B-0B3F2D2BD61C}
		{5475B1CD-2950-4FC0-95AD-4410328FEA06} = {079AE778-C262-437F-B842-1814DECD6DB4}
		{FD6B0CD4-CC72-43E3-B900-44F686E49894} = {079AE778-C262-437F-B842-1814DECD6DB4}
		{1FD32014-822D-46C0-9B62-9432BA3AD8FD} = {9BB32354-9D8B-4011-8D08-157457CF3109}
		{96EDD2BE-B13C-4E22-882E-4974AE78781C} = {B2386B6E-8830-4B7D-807B-0B3F2D2BD61C}
		{9BB32354-9D8B-4011-8D08-157457CF3109} = {B2386B6E-8830-4B7D-807B-0B3F2D2BD61C}
		{82EB2191-A915-4C7A-B16E-FEF4A73BFA08} = {B2386B6E-8830-4B7D-807B-0B3F2D2BD61C}
	EndGlobalSection
	GlobalSection(ExtensibilityGlobals) = postSolution
		SolutionGuid = {AB73DC65-1F9B-4F4D-BFED-8302C5E2D3D1}
	EndGlobalSection
EndGlobal
